// !$*UTF8*$!
{
	archiveVersion = 1;
	classes = {
	};
	objectVersion = 50;
	objects = {

/* Begin PBXBuildFile section */
		1F6038A320EF041D00207E31 /* AppDelegate.swift in Sources */ = {isa = PBXBuildFile; fileRef = 1F6038A220EF041D00207E31 /* AppDelegate.swift */; };
		1F6038A520EF041D00207E31 /* ViewController.swift in Sources */ = {isa = PBXBuildFile; fileRef = 1F6038A420EF041D00207E31 /* ViewController.swift */; };
		1F6038A820EF041D00207E31 /* Main.storyboard in Resources */ = {isa = PBXBuildFile; fileRef = 1F6038A620EF041D00207E31 /* Main.storyboard */; };
		1F6038AB20EF041D00207E31 /* BasicSequencer.xcdatamodeld in Sources */ = {isa = PBXBuildFile; fileRef = 1F6038A920EF041D00207E31 /* BasicSequencer.xcdatamodeld */; };
		1F6038AD20EF041F00207E31 /* Assets.xcassets in Resources */ = {isa = PBXBuildFile; fileRef = 1F6038AC20EF041F00207E31 /* Assets.xcassets */; };
		1F6038B020EF041F00207E31 /* LaunchScreen.storyboard in Resources */ = {isa = PBXBuildFile; fileRef = 1F6038AE20EF041F00207E31 /* LaunchScreen.storyboard */; };
		1F6038BB20EF041F00207E31 /* BasicSequencerTests.swift in Sources */ = {isa = PBXBuildFile; fileRef = 1F6038BA20EF041F00207E31 /* BasicSequencerTests.swift */; };
		1F6038C620EF041F00207E31 /* BasicSequencerUITests.swift in Sources */ = {isa = PBXBuildFile; fileRef = 1F6038C520EF041F00207E31 /* BasicSequencerUITests.swift */; };
		1F6038D420EF058300207E31 /* CustomSequencer.swift in Sources */ = {isa = PBXBuildFile; fileRef = 1F6038D320EF058300207E31 /* CustomSequencer.swift */; };
		1F6038D620EF8F3B00207E31 /* BarTemplate.swift in Sources */ = {isa = PBXBuildFile; fileRef = 1F6038D520EF8F3B00207E31 /* BarTemplate.swift */; };
		3EDFB5CB5EF49B500DEBDA27 /* Pods_BasicSequencerUITests.framework in Frameworks */ = {isa = PBXBuildFile; fileRef = 72640309F4165CDA135D9F53 /* Pods_BasicSequencerUITests.framework */; };
		7D1074B1D42A2817A5468556 /* Pods_BasicSequencerTests.framework in Frameworks */ = {isa = PBXBuildFile; fileRef = B0BC2DC6397C310B4A09D4E3 /* Pods_BasicSequencerTests.framework */; };
		91CF6311D96C353A143B20DE /* Pods_BasicSequencer.framework in Frameworks */ = {isa = PBXBuildFile; fileRef = D5FD77C411252E5E32C5095B /* Pods_BasicSequencer.framework */; };
/* End PBXBuildFile section */

/* Begin PBXContainerItemProxy section */
		1F6038B720EF041F00207E31 /* PBXContainerItemProxy */ = {
			isa = PBXContainerItemProxy;
			containerPortal = 1F60389720EF041D00207E31 /* Project object */;
			proxyType = 1;
			remoteGlobalIDString = 1F60389E20EF041D00207E31;
			remoteInfo = BasicSequencer;
		};
		1F6038C220EF041F00207E31 /* PBXContainerItemProxy */ = {
			isa = PBXContainerItemProxy;
			containerPortal = 1F60389720EF041D00207E31 /* Project object */;
			proxyType = 1;
			remoteGlobalIDString = 1F60389E20EF041D00207E31;
			remoteInfo = BasicSequencer;
		};
/* End PBXContainerItemProxy section */

/* Begin PBXFileReference section */
		1F60389F20EF041D00207E31 /* BasicSequencer.app */ = {isa = PBXFileReference; explicitFileType = wrapper.application; includeInIndex = 0; path = BasicSequencer.app; sourceTree = BUILT_PRODUCTS_DIR; };
		1F6038A220EF041D00207E31 /* AppDelegate.swift */ = {isa = PBXFileReference; lastKnownFileType = sourcecode.swift; path = AppDelegate.swift; sourceTree = "<group>"; };
		1F6038A420EF041D00207E31 /* ViewController.swift */ = {isa = PBXFileReference; lastKnownFileType = sourcecode.swift; path = ViewController.swift; sourceTree = "<group>"; };
		1F6038A720EF041D00207E31 /* Base */ = {isa = PBXFileReference; lastKnownFileType = file.storyboard; name = Base; path = Base.lproj/Main.storyboard; sourceTree = "<group>"; };
		1F6038AA20EF041D00207E31 /* BasicSequencer.xcdatamodel */ = {isa = PBXFileReference; lastKnownFileType = wrapper.xcdatamodel; path = BasicSequencer.xcdatamodel; sourceTree = "<group>"; };
		1F6038AC20EF041F00207E31 /* Assets.xcassets */ = {isa = PBXFileReference; lastKnownFileType = folder.assetcatalog; path = Assets.xcassets; sourceTree = "<group>"; };
		1F6038AF20EF041F00207E31 /* Base */ = {isa = PBXFileReference; lastKnownFileType = file.storyboard; name = Base; path = Base.lproj/LaunchScreen.storyboard; sourceTree = "<group>"; };
		1F6038B120EF041F00207E31 /* Info.plist */ = {isa = PBXFileReference; lastKnownFileType = text.plist.xml; path = Info.plist; sourceTree = "<group>"; };
		1F6038B620EF041F00207E31 /* BasicSequencerTests.xctest */ = {isa = PBXFileReference; explicitFileType = wrapper.cfbundle; includeInIndex = 0; path = BasicSequencerTests.xctest; sourceTree = BUILT_PRODUCTS_DIR; };
		1F6038BA20EF041F00207E31 /* BasicSequencerTests.swift */ = {isa = PBXFileReference; lastKnownFileType = sourcecode.swift; path = BasicSequencerTests.swift; sourceTree = "<group>"; };
		1F6038BC20EF041F00207E31 /* Info.plist */ = {isa = PBXFileReference; lastKnownFileType = text.plist.xml; path = Info.plist; sourceTree = "<group>"; };
		1F6038C120EF041F00207E31 /* BasicSequencerUITests.xctest */ = {isa = PBXFileReference; explicitFileType = wrapper.cfbundle; includeInIndex = 0; path = BasicSequencerUITests.xctest; sourceTree = BUILT_PRODUCTS_DIR; };
		1F6038C520EF041F00207E31 /* BasicSequencerUITests.swift */ = {isa = PBXFileReference; lastKnownFileType = sourcecode.swift; path = BasicSequencerUITests.swift; sourceTree = "<group>"; };
		1F6038C720EF041F00207E31 /* Info.plist */ = {isa = PBXFileReference; lastKnownFileType = text.plist.xml; path = Info.plist; sourceTree = "<group>"; };
		1F6038D320EF058300207E31 /* CustomSequencer.swift */ = {isa = PBXFileReference; lastKnownFileType = sourcecode.swift; path = CustomSequencer.swift; sourceTree = "<group>"; };
		1F6038D520EF8F3B00207E31 /* BarTemplate.swift */ = {isa = PBXFileReference; lastKnownFileType = sourcecode.swift; path = BarTemplate.swift; sourceTree = "<group>"; };
		2A761C02E8B0B862FC5BCC67 /* Pods-BasicSequencer.release.xcconfig */ = {isa = PBXFileReference; includeInIndex = 1; lastKnownFileType = text.xcconfig; name = "Pods-BasicSequencer.release.xcconfig"; path = "Pods/Target Support Files/Pods-BasicSequencer/Pods-BasicSequencer.release.xcconfig"; sourceTree = "<group>"; };
		3325E24087CE7C48F3F9CB80 /* Pods-BasicSequencer.debug.xcconfig */ = {isa = PBXFileReference; includeInIndex = 1; lastKnownFileType = text.xcconfig; name = "Pods-BasicSequencer.debug.xcconfig"; path = "Pods/Target Support Files/Pods-BasicSequencer/Pods-BasicSequencer.debug.xcconfig"; sourceTree = "<group>"; };
		5E810CA879B549312AAC90A3 /* Pods-BasicSequencerUITests.release.xcconfig */ = {isa = PBXFileReference; includeInIndex = 1; lastKnownFileType = text.xcconfig; name = "Pods-BasicSequencerUITests.release.xcconfig"; path = "Pods/Target Support Files/Pods-BasicSequencerUITests/Pods-BasicSequencerUITests.release.xcconfig"; sourceTree = "<group>"; };
		640CE181DE216B5865FE1DA1 /* Pods-BasicSequencerTests.release.xcconfig */ = {isa = PBXFileReference; includeInIndex = 1; lastKnownFileType = text.xcconfig; name = "Pods-BasicSequencerTests.release.xcconfig"; path = "Pods/Target Support Files/Pods-BasicSequencerTests/Pods-BasicSequencerTests.release.xcconfig"; sourceTree = "<group>"; };
		72640309F4165CDA135D9F53 /* Pods_BasicSequencerUITests.framework */ = {isa = PBXFileReference; explicitFileType = wrapper.framework; includeInIndex = 0; path = Pods_BasicSequencerUITests.framework; sourceTree = BUILT_PRODUCTS_DIR; };
		B0BC2DC6397C310B4A09D4E3 /* Pods_BasicSequencerTests.framework */ = {isa = PBXFileReference; explicitFileType = wrapper.framework; includeInIndex = 0; path = Pods_BasicSequencerTests.framework; sourceTree = BUILT_PRODUCTS_DIR; };
		BA98258A62C255CE86637665 /* Pods-BasicSequencerTests.debug.xcconfig */ = {isa = PBXFileReference; includeInIndex = 1; lastKnownFileType = text.xcconfig; name = "Pods-BasicSequencerTests.debug.xcconfig"; path = "Pods/Target Support Files/Pods-BasicSequencerTests/Pods-BasicSequencerTests.debug.xcconfig"; sourceTree = "<group>"; };
		C360D6F9EE2C320342FC36D2 /* Pods-BasicSequencerUITests.debug.xcconfig */ = {isa = PBXFileReference; includeInIndex = 1; lastKnownFileType = text.xcconfig; name = "Pods-BasicSequencerUITests.debug.xcconfig"; path = "Pods/Target Support Files/Pods-BasicSequencerUITests/Pods-BasicSequencerUITests.debug.xcconfig"; sourceTree = "<group>"; };
		D5FD77C411252E5E32C5095B /* Pods_BasicSequencer.framework */ = {isa = PBXFileReference; explicitFileType = wrapper.framework; includeInIndex = 0; path = Pods_BasicSequencer.framework; sourceTree = BUILT_PRODUCTS_DIR; };
/* End PBXFileReference section */

/* Begin PBXFrameworksBuildPhase section */
		1F60389C20EF041D00207E31 /* Frameworks */ = {
			isa = PBXFrameworksBuildPhase;
			buildActionMask = 2147483647;
			files = (
				91CF6311D96C353A143B20DE /* Pods_BasicSequencer.framework in Frameworks */,
			);
			runOnlyForDeploymentPostprocessing = 0;
		};
		1F6038B320EF041F00207E31 /* Frameworks */ = {
			isa = PBXFrameworksBuildPhase;
			buildActionMask = 2147483647;
			files = (
				7D1074B1D42A2817A5468556 /* Pods_BasicSequencerTests.framework in Frameworks */,
			);
			runOnlyForDeploymentPostprocessing = 0;
		};
		1F6038BE20EF041F00207E31 /* Frameworks */ = {
			isa = PBXFrameworksBuildPhase;
			buildActionMask = 2147483647;
			files = (
				3EDFB5CB5EF49B500DEBDA27 /* Pods_BasicSequencerUITests.framework in Frameworks */,
			);
			runOnlyForDeploymentPostprocessing = 0;
		};
/* End PBXFrameworksBuildPhase section */

/* Begin PBXGroup section */
		162FB088F999E29A150F3640 /* Frameworks */ = {
			isa = PBXGroup;
			children = (
				D5FD77C411252E5E32C5095B /* Pods_BasicSequencer.framework */,
				B0BC2DC6397C310B4A09D4E3 /* Pods_BasicSequencerTests.framework */,
				72640309F4165CDA135D9F53 /* Pods_BasicSequencerUITests.framework */,
			);
			name = Frameworks;
			sourceTree = "<group>";
		};
		1F60389620EF041D00207E31 = {
			isa = PBXGroup;
			children = (
				1F6038A120EF041D00207E31 /* BasicSequencer */,
				1F6038B920EF041F00207E31 /* BasicSequencerTests */,
				1F6038C420EF041F00207E31 /* BasicSequencerUITests */,
				1F6038A020EF041D00207E31 /* Products */,
				AC466F0D07F3CA0CF05EC964 /* Pods */,
				162FB088F999E29A150F3640 /* Frameworks */,
			);
			sourceTree = "<group>";
		};
		1F6038A020EF041D00207E31 /* Products */ = {
			isa = PBXGroup;
			children = (
				1F60389F20EF041D00207E31 /* BasicSequencer.app */,
				1F6038B620EF041F00207E31 /* BasicSequencerTests.xctest */,
				1F6038C120EF041F00207E31 /* BasicSequencerUITests.xctest */,
			);
			name = Products;
			sourceTree = "<group>";
		};
		1F6038A120EF041D00207E31 /* BasicSequencer */ = {
			isa = PBXGroup;
			children = (
				1F6038A220EF041D00207E31 /* AppDelegate.swift */,
				1F6038D320EF058300207E31 /* CustomSequencer.swift */,
				1F6038D520EF8F3B00207E31 /* BarTemplate.swift */,
				1F6038A420EF041D00207E31 /* ViewController.swift */,
				1F6038A620EF041D00207E31 /* Main.storyboard */,
				1F6038AC20EF041F00207E31 /* Assets.xcassets */,
				1F6038AE20EF041F00207E31 /* LaunchScreen.storyboard */,
				1F6038B120EF041F00207E31 /* Info.plist */,
				1F6038A920EF041D00207E31 /* BasicSequencer.xcdatamodeld */,
			);
			path = BasicSequencer;
			sourceTree = "<group>";
		};
		1F6038B920EF041F00207E31 /* BasicSequencerTests */ = {
			isa = PBXGroup;
			children = (
				1F6038BA20EF041F00207E31 /* BasicSequencerTests.swift */,
				1F6038BC20EF041F00207E31 /* Info.plist */,
			);
			path = BasicSequencerTests;
			sourceTree = "<group>";
		};
		1F6038C420EF041F00207E31 /* BasicSequencerUITests */ = {
			isa = PBXGroup;
			children = (
				1F6038C520EF041F00207E31 /* BasicSequencerUITests.swift */,
				1F6038C720EF041F00207E31 /* Info.plist */,
			);
			path = BasicSequencerUITests;
			sourceTree = "<group>";
		};
		AC466F0D07F3CA0CF05EC964 /* Pods */ = {
			isa = PBXGroup;
			children = (
				3325E24087CE7C48F3F9CB80 /* Pods-BasicSequencer.debug.xcconfig */,
				2A761C02E8B0B862FC5BCC67 /* Pods-BasicSequencer.release.xcconfig */,
				BA98258A62C255CE86637665 /* Pods-BasicSequencerTests.debug.xcconfig */,
				640CE181DE216B5865FE1DA1 /* Pods-BasicSequencerTests.release.xcconfig */,
				C360D6F9EE2C320342FC36D2 /* Pods-BasicSequencerUITests.debug.xcconfig */,
				5E810CA879B549312AAC90A3 /* Pods-BasicSequencerUITests.release.xcconfig */,
			);
			name = Pods;
			sourceTree = "<group>";
		};
/* End PBXGroup section */

/* Begin PBXNativeTarget section */
		1F60389E20EF041D00207E31 /* BasicSequencer */ = {
			isa = PBXNativeTarget;
			buildConfigurationList = 1F6038CA20EF041F00207E31 /* Build configuration list for PBXNativeTarget "BasicSequencer" */;
			buildPhases = (
				CC57717E066F5FE76131DC5F /* [CP] Check Pods Manifest.lock */,
				1F60389B20EF041D00207E31 /* Sources */,
				1F60389C20EF041D00207E31 /* Frameworks */,
				1F60389D20EF041D00207E31 /* Resources */,
				9D6B2993A65DC4C7C52663CB /* [CP] Embed Pods Frameworks */,
				7B54B5EBD1A2377821398C2B /* [CP] Copy Pods Resources */,
			);
			buildRules = (
			);
			dependencies = (
			);
			name = BasicSequencer;
			productName = BasicSequencer;
			productReference = 1F60389F20EF041D00207E31 /* BasicSequencer.app */;
			productType = "com.apple.product-type.application";
		};
		1F6038B520EF041F00207E31 /* BasicSequencerTests */ = {
			isa = PBXNativeTarget;
			buildConfigurationList = 1F6038CD20EF041F00207E31 /* Build configuration list for PBXNativeTarget "BasicSequencerTests" */;
			buildPhases = (
				C5F932C66B815DFB6911D034 /* [CP] Check Pods Manifest.lock */,
				1F6038B220EF041F00207E31 /* Sources */,
				1F6038B320EF041F00207E31 /* Frameworks */,
				1F6038B420EF041F00207E31 /* Resources */,
				214A86EE06349F90392CE72A /* [CP] Embed Pods Frameworks */,
				8B294CCD44BF8ED8452176AD /* [CP] Copy Pods Resources */,
			);
			buildRules = (
			);
			dependencies = (
				1F6038B820EF041F00207E31 /* PBXTargetDependency */,
			);
			name = BasicSequencerTests;
			productName = BasicSequencerTests;
			productReference = 1F6038B620EF041F00207E31 /* BasicSequencerTests.xctest */;
			productType = "com.apple.product-type.bundle.unit-test";
		};
		1F6038C020EF041F00207E31 /* BasicSequencerUITests */ = {
			isa = PBXNativeTarget;
			buildConfigurationList = 1F6038D020EF041F00207E31 /* Build configuration list for PBXNativeTarget "BasicSequencerUITests" */;
			buildPhases = (
				47BC8663050F2D4BFFABAF46 /* [CP] Check Pods Manifest.lock */,
				1F6038BD20EF041F00207E31 /* Sources */,
				1F6038BE20EF041F00207E31 /* Frameworks */,
				1F6038BF20EF041F00207E31 /* Resources */,
				6510FB57F088D85184EC6A53 /* [CP] Embed Pods Frameworks */,
				CA1CBF3F092D6C9BEFE68A73 /* [CP] Copy Pods Resources */,
			);
			buildRules = (
			);
			dependencies = (
				1F6038C320EF041F00207E31 /* PBXTargetDependency */,
			);
			name = BasicSequencerUITests;
			productName = BasicSequencerUITests;
			productReference = 1F6038C120EF041F00207E31 /* BasicSequencerUITests.xctest */;
			productType = "com.apple.product-type.bundle.ui-testing";
		};
/* End PBXNativeTarget section */

/* Begin PBXProject section */
		1F60389720EF041D00207E31 /* Project object */ = {
			isa = PBXProject;
			attributes = {
				LastSwiftUpdateCheck = 0940;
				LastUpgradeCheck = 0940;
				ORGANIZATIONNAME = crashingbooth;
				TargetAttributes = {
					1F60389E20EF041D00207E31 = {
						CreatedOnToolsVersion = 9.4.1;
						SystemCapabilities = {
							com.apple.BackgroundModes = {
								enabled = 1;
							};
						};
					};
					1F6038B520EF041F00207E31 = {
						CreatedOnToolsVersion = 9.4.1;
						TestTargetID = 1F60389E20EF041D00207E31;
					};
					1F6038C020EF041F00207E31 = {
						CreatedOnToolsVersion = 9.4.1;
						TestTargetID = 1F60389E20EF041D00207E31;
					};
				};
			};
			buildConfigurationList = 1F60389A20EF041D00207E31 /* Build configuration list for PBXProject "BasicSequencer" */;
			compatibilityVersion = "Xcode 9.3";
			developmentRegion = en;
			hasScannedForEncodings = 0;
			knownRegions = (
				en,
				Base,
			);
			mainGroup = 1F60389620EF041D00207E31;
			productRefGroup = 1F6038A020EF041D00207E31 /* Products */;
			projectDirPath = "";
			projectRoot = "";
			targets = (
				1F60389E20EF041D00207E31 /* BasicSequencer */,
				1F6038B520EF041F00207E31 /* BasicSequencerTests */,
				1F6038C020EF041F00207E31 /* BasicSequencerUITests */,
			);
		};
/* End PBXProject section */

/* Begin PBXResourcesBuildPhase section */
		1F60389D20EF041D00207E31 /* Resources */ = {
			isa = PBXResourcesBuildPhase;
			buildActionMask = 2147483647;
			files = (
				1F6038B020EF041F00207E31 /* LaunchScreen.storyboard in Resources */,
				1F6038AD20EF041F00207E31 /* Assets.xcassets in Resources */,
				1F6038A820EF041D00207E31 /* Main.storyboard in Resources */,
			);
			runOnlyForDeploymentPostprocessing = 0;
		};
		1F6038B420EF041F00207E31 /* Resources */ = {
			isa = PBXResourcesBuildPhase;
			buildActionMask = 2147483647;
			files = (
			);
			runOnlyForDeploymentPostprocessing = 0;
		};
		1F6038BF20EF041F00207E31 /* Resources */ = {
			isa = PBXResourcesBuildPhase;
			buildActionMask = 2147483647;
			files = (
			);
			runOnlyForDeploymentPostprocessing = 0;
		};
/* End PBXResourcesBuildPhase section */

/* Begin PBXShellScriptBuildPhase section */
		214A86EE06349F90392CE72A /* [CP] Embed Pods Frameworks */ = {
			isa = PBXShellScriptBuildPhase;
			buildActionMask = 2147483647;
			files = (
			);
			inputPaths = (
			);
			name = "[CP] Embed Pods Frameworks";
			outputPaths = (
			);
			runOnlyForDeploymentPostprocessing = 0;
			shellPath = /bin/sh;
			shellScript = "\"${SRCROOT}/Pods/Target Support Files/Pods-BasicSequencerTests/Pods-BasicSequencerTests-frameworks.sh\"\n";
			showEnvVarsInLog = 0;
		};
		47BC8663050F2D4BFFABAF46 /* [CP] Check Pods Manifest.lock */ = {
			isa = PBXShellScriptBuildPhase;
			buildActionMask = 2147483647;
			files = (
			);
			inputPaths = (
				"${PODS_PODFILE_DIR_PATH}/Podfile.lock",
				"${PODS_ROOT}/Manifest.lock",
			);
			name = "[CP] Check Pods Manifest.lock";
			outputPaths = (
				"$(DERIVED_FILE_DIR)/Pods-BasicSequencerUITests-checkManifestLockResult.txt",
			);
			runOnlyForDeploymentPostprocessing = 0;
			shellPath = /bin/sh;
			shellScript = "diff \"${PODS_PODFILE_DIR_PATH}/Podfile.lock\" \"${PODS_ROOT}/Manifest.lock\" > /dev/null\nif [ $? != 0 ] ; then\n    # print error to STDERR\n    echo \"error: The sandbox is not in sync with the Podfile.lock. Run 'pod install' or update your CocoaPods installation.\" >&2\n    exit 1\nfi\n# This output is used by Xcode 'outputs' to avoid re-running this script phase.\necho \"SUCCESS\" > \"${SCRIPT_OUTPUT_FILE_0}\"\n";
			showEnvVarsInLog = 0;
		};
		6510FB57F088D85184EC6A53 /* [CP] Embed Pods Frameworks */ = {
			isa = PBXShellScriptBuildPhase;
			buildActionMask = 2147483647;
			files = (
			);
			inputPaths = (
			);
			name = "[CP] Embed Pods Frameworks";
			outputPaths = (
			);
			runOnlyForDeploymentPostprocessing = 0;
			shellPath = /bin/sh;
			shellScript = "\"${SRCROOT}/Pods/Target Support Files/Pods-BasicSequencerUITests/Pods-BasicSequencerUITests-frameworks.sh\"\n";
			showEnvVarsInLog = 0;
		};
		7B54B5EBD1A2377821398C2B /* [CP] Copy Pods Resources */ = {
			isa = PBXShellScriptBuildPhase;
			buildActionMask = 2147483647;
			files = (
			);
			inputPaths = (
			);
			name = "[CP] Copy Pods Resources";
			outputPaths = (
			);
			runOnlyForDeploymentPostprocessing = 0;
			shellPath = /bin/sh;
			shellScript = "\"${SRCROOT}/Pods/Target Support Files/Pods-BasicSequencer/Pods-BasicSequencer-resources.sh\"\n";
			showEnvVarsInLog = 0;
		};
		8B294CCD44BF8ED8452176AD /* [CP] Copy Pods Resources */ = {
			isa = PBXShellScriptBuildPhase;
			buildActionMask = 2147483647;
			files = (
			);
			inputPaths = (
			);
			name = "[CP] Copy Pods Resources";
			outputPaths = (
			);
			runOnlyForDeploymentPostprocessing = 0;
			shellPath = /bin/sh;
			shellScript = "\"${SRCROOT}/Pods/Target Support Files/Pods-BasicSequencerTests/Pods-BasicSequencerTests-resources.sh\"\n";
			showEnvVarsInLog = 0;
		};
		9D6B2993A65DC4C7C52663CB /* [CP] Embed Pods Frameworks */ = {
			isa = PBXShellScriptBuildPhase;
			buildActionMask = 2147483647;
			files = (
			);
			inputPaths = (
			);
			name = "[CP] Embed Pods Frameworks";
			outputPaths = (
			);
			runOnlyForDeploymentPostprocessing = 0;
			shellPath = /bin/sh;
			shellScript = "\"${SRCROOT}/Pods/Target Support Files/Pods-BasicSequencer/Pods-BasicSequencer-frameworks.sh\"\n";
			showEnvVarsInLog = 0;
		};
		C5F932C66B815DFB6911D034 /* [CP] Check Pods Manifest.lock */ = {
			isa = PBXShellScriptBuildPhase;
			buildActionMask = 2147483647;
			files = (
			);
			inputPaths = (
				"${PODS_PODFILE_DIR_PATH}/Podfile.lock",
				"${PODS_ROOT}/Manifest.lock",
			);
			name = "[CP] Check Pods Manifest.lock";
			outputPaths = (
				"$(DERIVED_FILE_DIR)/Pods-BasicSequencerTests-checkManifestLockResult.txt",
			);
			runOnlyForDeploymentPostprocessing = 0;
			shellPath = /bin/sh;
			shellScript = "diff \"${PODS_PODFILE_DIR_PATH}/Podfile.lock\" \"${PODS_ROOT}/Manifest.lock\" > /dev/null\nif [ $? != 0 ] ; then\n    # print error to STDERR\n    echo \"error: The sandbox is not in sync with the Podfile.lock. Run 'pod install' or update your CocoaPods installation.\" >&2\n    exit 1\nfi\n# This output is used by Xcode 'outputs' to avoid re-running this script phase.\necho \"SUCCESS\" > \"${SCRIPT_OUTPUT_FILE_0}\"\n";
			showEnvVarsInLog = 0;
		};
		CA1CBF3F092D6C9BEFE68A73 /* [CP] Copy Pods Resources */ = {
			isa = PBXShellScriptBuildPhase;
			buildActionMask = 2147483647;
			files = (
			);
			inputPaths = (
			);
			name = "[CP] Copy Pods Resources";
			outputPaths = (
			);
			runOnlyForDeploymentPostprocessing = 0;
			shellPath = /bin/sh;
			shellScript = "\"${SRCROOT}/Pods/Target Support Files/Pods-BasicSequencerUITests/Pods-BasicSequencerUITests-resources.sh\"\n";
			showEnvVarsInLog = 0;
		};
		CC57717E066F5FE76131DC5F /* [CP] Check Pods Manifest.lock */ = {
			isa = PBXShellScriptBuildPhase;
			buildActionMask = 2147483647;
			files = (
			);
			inputPaths = (
				"${PODS_PODFILE_DIR_PATH}/Podfile.lock",
				"${PODS_ROOT}/Manifest.lock",
			);
			name = "[CP] Check Pods Manifest.lock";
			outputPaths = (
				"$(DERIVED_FILE_DIR)/Pods-BasicSequencer-checkManifestLockResult.txt",
			);
			runOnlyForDeploymentPostprocessing = 0;
			shellPath = /bin/sh;
			shellScript = "diff \"${PODS_PODFILE_DIR_PATH}/Podfile.lock\" \"${PODS_ROOT}/Manifest.lock\" > /dev/null\nif [ $? != 0 ] ; then\n    # print error to STDERR\n    echo \"error: The sandbox is not in sync with the Podfile.lock. Run 'pod install' or update your CocoaPods installation.\" >&2\n    exit 1\nfi\n# This output is used by Xcode 'outputs' to avoid re-running this script phase.\necho \"SUCCESS\" > \"${SCRIPT_OUTPUT_FILE_0}\"\n";
			showEnvVarsInLog = 0;
		};
/* End PBXShellScriptBuildPhase section */

/* Begin PBXSourcesBuildPhase section */
		1F60389B20EF041D00207E31 /* Sources */ = {
			isa = PBXSourcesBuildPhase;
			buildActionMask = 2147483647;
			files = (
				1F6038AB20EF041D00207E31 /* BasicSequencer.xcdatamodeld in Sources */,
				1F6038A520EF041D00207E31 /* ViewController.swift in Sources */,
				1F6038D620EF8F3B00207E31 /* BarTemplate.swift in Sources */,
				1F6038D420EF058300207E31 /* CustomSequencer.swift in Sources */,
				1F6038A320EF041D00207E31 /* AppDelegate.swift in Sources */,
			);
			runOnlyForDeploymentPostprocessing = 0;
		};
		1F6038B220EF041F00207E31 /* Sources */ = {
			isa = PBXSourcesBuildPhase;
			buildActionMask = 2147483647;
			files = (
				1F6038BB20EF041F00207E31 /* BasicSequencerTests.swift in Sources */,
			);
			runOnlyForDeploymentPostprocessing = 0;
		};
		1F6038BD20EF041F00207E31 /* Sources */ = {
			isa = PBXSourcesBuildPhase;
			buildActionMask = 2147483647;
			files = (
				1F6038C620EF041F00207E31 /* BasicSequencerUITests.swift in Sources */,
			);
			runOnlyForDeploymentPostprocessing = 0;
		};
/* End PBXSourcesBuildPhase section */

/* Begin PBXTargetDependency section */
		1F6038B820EF041F00207E31 /* PBXTargetDependency */ = {
			isa = PBXTargetDependency;
			target = 1F60389E20EF041D00207E31 /* BasicSequencer */;
			targetProxy = 1F6038B720EF041F00207E31 /* PBXContainerItemProxy */;
		};
		1F6038C320EF041F00207E31 /* PBXTargetDependency */ = {
			isa = PBXTargetDependency;
			target = 1F60389E20EF041D00207E31 /* BasicSequencer */;
			targetProxy = 1F6038C220EF041F00207E31 /* PBXContainerItemProxy */;
		};
/* End PBXTargetDependency section */

/* Begin PBXVariantGroup section */
		1F6038A620EF041D00207E31 /* Main.storyboard */ = {
			isa = PBXVariantGroup;
			children = (
				1F6038A720EF041D00207E31 /* Base */,
			);
			name = Main.storyboard;
			sourceTree = "<group>";
		};
		1F6038AE20EF041F00207E31 /* LaunchScreen.storyboard */ = {
			isa = PBXVariantGroup;
			children = (
				1F6038AF20EF041F00207E31 /* Base */,
			);
			name = LaunchScreen.storyboard;
			sourceTree = "<group>";
		};
/* End PBXVariantGroup section */

/* Begin XCBuildConfiguration section */
		1F6038C820EF041F00207E31 /* Debug */ = {
			isa = XCBuildConfiguration;
			buildSettings = {
				ALWAYS_SEARCH_USER_PATHS = NO;
				CLANG_ANALYZER_NONNULL = YES;
				CLANG_ANALYZER_NUMBER_OBJECT_CONVERSION = YES_AGGRESSIVE;
				CLANG_CXX_LANGUAGE_STANDARD = "gnu++14";
				CLANG_CXX_LIBRARY = "libc++";
				CLANG_ENABLE_MODULES = YES;
				CLANG_ENABLE_OBJC_ARC = YES;
				CLANG_ENABLE_OBJC_WEAK = YES;
				CLANG_WARN_BLOCK_CAPTURE_AUTORELEASING = YES;
				CLANG_WARN_BOOL_CONVERSION = YES;
				CLANG_WARN_COMMA = YES;
				CLANG_WARN_CONSTANT_CONVERSION = YES;
				CLANG_WARN_DEPRECATED_OBJC_IMPLEMENTATIONS = YES;
				CLANG_WARN_DIRECT_OBJC_ISA_USAGE = YES_ERROR;
				CLANG_WARN_DOCUMENTATION_COMMENTS = YES;
				CLANG_WARN_EMPTY_BODY = YES;
				CLANG_WARN_ENUM_CONVERSION = YES;
				CLANG_WARN_INFINITE_RECURSION = YES;
				CLANG_WARN_INT_CONVERSION = YES;
				CLANG_WARN_NON_LITERAL_NULL_CONVERSION = YES;
				CLANG_WARN_OBJC_IMPLICIT_RETAIN_SELF = YES;
				CLANG_WARN_OBJC_LITERAL_CONVERSION = YES;
				CLANG_WARN_OBJC_ROOT_CLASS = YES_ERROR;
				CLANG_WARN_RANGE_LOOP_ANALYSIS = YES;
				CLANG_WARN_STRICT_PROTOTYPES = YES;
				CLANG_WARN_SUSPICIOUS_MOVE = YES;
				CLANG_WARN_UNGUARDED_AVAILABILITY = YES_AGGRESSIVE;
				CLANG_WARN_UNREACHABLE_CODE = YES;
				CLANG_WARN__DUPLICATE_METHOD_MATCH = YES;
				CODE_SIGN_IDENTITY = "iPhone Developer";
				COPY_PHASE_STRIP = NO;
				DEBUG_INFORMATION_FORMAT = dwarf;
				ENABLE_STRICT_OBJC_MSGSEND = YES;
				ENABLE_TESTABILITY = YES;
				GCC_C_LANGUAGE_STANDARD = gnu11;
				GCC_DYNAMIC_NO_PIC = NO;
				GCC_NO_COMMON_BLOCKS = YES;
				GCC_OPTIMIZATION_LEVEL = 0;
				GCC_PREPROCESSOR_DEFINITIONS = (
					"DEBUG=1",
					"$(inherited)",
				);
				GCC_WARN_64_TO_32_BIT_CONVERSION = YES;
				GCC_WARN_ABOUT_RETURN_TYPE = YES_ERROR;
				GCC_WARN_UNDECLARED_SELECTOR = YES;
				GCC_WARN_UNINITIALIZED_AUTOS = YES_AGGRESSIVE;
				GCC_WARN_UNUSED_FUNCTION = YES;
				GCC_WARN_UNUSED_VARIABLE = YES;
				IPHONEOS_DEPLOYMENT_TARGET = 11.4;
				MTL_ENABLE_DEBUG_INFO = YES;
				ONLY_ACTIVE_ARCH = YES;
				SDKROOT = iphoneos;
				SWIFT_ACTIVE_COMPILATION_CONDITIONS = DEBUG;
				SWIFT_OPTIMIZATION_LEVEL = "-Onone";
			};
			name = Debug;
		};
		1F6038C920EF041F00207E31 /* Release */ = {
			isa = XCBuildConfiguration;
			buildSettings = {
				ALWAYS_SEARCH_USER_PATHS = NO;
				CLANG_ANALYZER_NONNULL = YES;
				CLANG_ANALYZER_NUMBER_OBJECT_CONVERSION = YES_AGGRESSIVE;
				CLANG_CXX_LANGUAGE_STANDARD = "gnu++14";
				CLANG_CXX_LIBRARY = "libc++";
				CLANG_ENABLE_MODULES = YES;
				CLANG_ENABLE_OBJC_ARC = YES;
				CLANG_ENABLE_OBJC_WEAK = YES;
				CLANG_WARN_BLOCK_CAPTURE_AUTORELEASING = YES;
				CLANG_WARN_BOOL_CONVERSION = YES;
				CLANG_WARN_COMMA = YES;
				CLANG_WARN_CONSTANT_CONVERSION = YES;
				CLANG_WARN_DEPRECATED_OBJC_IMPLEMENTATIONS = YES;
				CLANG_WARN_DIRECT_OBJC_ISA_USAGE = YES_ERROR;
				CLANG_WARN_DOCUMENTATION_COMMENTS = YES;
				CLANG_WARN_EMPTY_BODY = YES;
				CLANG_WARN_ENUM_CONVERSION = YES;
				CLANG_WARN_INFINITE_RECURSION = YES;
				CLANG_WARN_INT_CONVERSION = YES;
				CLANG_WARN_NON_LITERAL_NULL_CONVERSION = YES;
				CLANG_WARN_OBJC_IMPLICIT_RETAIN_SELF = YES;
				CLANG_WARN_OBJC_LITERAL_CONVERSION = YES;
				CLANG_WARN_OBJC_ROOT_CLASS = YES_ERROR;
				CLANG_WARN_RANGE_LOOP_ANALYSIS = YES;
				CLANG_WARN_STRICT_PROTOTYPES = YES;
				CLANG_WARN_SUSPICIOUS_MOVE = YES;
				CLANG_WARN_UNGUARDED_AVAILABILITY = YES_AGGRESSIVE;
				CLANG_WARN_UNREACHABLE_CODE = YES;
				CLANG_WARN__DUPLICATE_METHOD_MATCH = YES;
				CODE_SIGN_IDENTITY = "iPhone Developer";
				COPY_PHASE_STRIP = NO;
				DEBUG_INFORMATION_FORMAT = "dwarf-with-dsym";
				ENABLE_NS_ASSERTIONS = NO;
				ENABLE_STRICT_OBJC_MSGSEND = YES;
				GCC_C_LANGUAGE_STANDARD = gnu11;
				GCC_NO_COMMON_BLOCKS = YES;
				GCC_WARN_64_TO_32_BIT_CONVERSION = YES;
				GCC_WARN_ABOUT_RETURN_TYPE = YES_ERROR;
				GCC_WARN_UNDECLARED_SELECTOR = YES;
				GCC_WARN_UNINITIALIZED_AUTOS = YES_AGGRESSIVE;
				GCC_WARN_UNUSED_FUNCTION = YES;
				GCC_WARN_UNUSED_VARIABLE = YES;
				IPHONEOS_DEPLOYMENT_TARGET = 11.4;
				MTL_ENABLE_DEBUG_INFO = NO;
				SDKROOT = iphoneos;
				SWIFT_COMPILATION_MODE = wholemodule;
				SWIFT_OPTIMIZATION_LEVEL = "-O";
				VALIDATE_PRODUCT = YES;
			};
			name = Release;
		};
		1F6038CB20EF041F00207E31 /* Debug */ = {
			isa = XCBuildConfiguration;
			baseConfigurationReference = 3325E24087CE7C48F3F9CB80 /* Pods-BasicSequencer.debug.xcconfig */;
			buildSettings = {
				ASSETCATALOG_COMPILER_APPICON_NAME = AppIcon;
				CODE_SIGN_STYLE = Automatic;
				DEVELOPMENT_TEAM = M7XW9D2D49;
				INFOPLIST_FILE = BasicSequencer/Info.plist;
				LD_RUNPATH_SEARCH_PATHS = (
					"$(inherited)",
					"@executable_path/Frameworks",
				);
				PRODUCT_BUNDLE_IDENTIFIER = com.crashingbooth.BasicSequencer;
				PRODUCT_NAME = "$(TARGET_NAME)";
				SWIFT_VERSION = 4.0;
				TARGETED_DEVICE_FAMILY = "1,2";
			};
			name = Debug;
		};
		1F6038CC20EF041F00207E31 /* Release */ = {
			isa = XCBuildConfiguration;
			baseConfigurationReference = 2A761C02E8B0B862FC5BCC67 /* Pods-BasicSequencer.release.xcconfig */;
			buildSettings = {
				ASSETCATALOG_COMPILER_APPICON_NAME = AppIcon;
				CODE_SIGN_STYLE = Automatic;
				DEVELOPMENT_TEAM = M7XW9D2D49;
				INFOPLIST_FILE = BasicSequencer/Info.plist;
				LD_RUNPATH_SEARCH_PATHS = (
					"$(inherited)",
					"@executable_path/Frameworks",
				);
				PRODUCT_BUNDLE_IDENTIFIER = com.crashingbooth.BasicSequencer;
				PRODUCT_NAME = "$(TARGET_NAME)";
				SWIFT_VERSION = 4.0;
				TARGETED_DEVICE_FAMILY = "1,2";
			};
			name = Release;
		};
		1F6038CE20EF041F00207E31 /* Debug */ = {
			isa = XCBuildConfiguration;
			baseConfigurationReference = BA98258A62C255CE86637665 /* Pods-BasicSequencerTests.debug.xcconfig */;
			buildSettings = {
				ALWAYS_EMBED_SWIFT_STANDARD_LIBRARIES = YES;
				BUNDLE_LOADER = "$(TEST_HOST)";
				CODE_SIGN_STYLE = Automatic;
				DEVELOPMENT_TEAM = M7XW9D2D49;
				INFOPLIST_FILE = BasicSequencerTests/Info.plist;
				LD_RUNPATH_SEARCH_PATHS = (
					"$(inherited)",
					"@executable_path/Frameworks",
					"@loader_path/Frameworks",
				);
				PRODUCT_BUNDLE_IDENTIFIER = com.crashingbooth.BasicSequencerTests;
				PRODUCT_NAME = "$(TARGET_NAME)";
				SWIFT_VERSION = 4.0;
				TARGETED_DEVICE_FAMILY = "1,2";
				TEST_HOST = "$(BUILT_PRODUCTS_DIR)/BasicSequencer.app/BasicSequencer";
			};
			name = Debug;
		};
		1F6038CF20EF041F00207E31 /* Release */ = {
			isa = XCBuildConfiguration;
			baseConfigurationReference = 640CE181DE216B5865FE1DA1 /* Pods-BasicSequencerTests.release.xcconfig */;
			buildSettings = {
				ALWAYS_EMBED_SWIFT_STANDARD_LIBRARIES = YES;
				BUNDLE_LOADER = "$(TEST_HOST)";
				CODE_SIGN_STYLE = Automatic;
				DEVELOPMENT_TEAM = M7XW9D2D49;
				INFOPLIST_FILE = BasicSequencerTests/Info.plist;
				LD_RUNPATH_SEARCH_PATHS = (
					"$(inherited)",
					"@executable_path/Frameworks",
					"@loader_path/Frameworks",
				);
				PRODUCT_BUNDLE_IDENTIFIER = com.crashingbooth.BasicSequencerTests;
				PRODUCT_NAME = "$(TARGET_NAME)";
				SWIFT_VERSION = 4.0;
				TARGETED_DEVICE_FAMILY = "1,2";
				TEST_HOST = "$(BUILT_PRODUCTS_DIR)/BasicSequencer.app/BasicSequencer";
			};
			name = Release;
		};
		1F6038D120EF041F00207E31 /* Debug */ = {
			isa = XCBuildConfiguration;
			baseConfigurationReference = C360D6F9EE2C320342FC36D2 /* Pods-BasicSequencerUITests.debug.xcconfig */;
			buildSettings = {
				ALWAYS_EMBED_SWIFT_STANDARD_LIBRARIES = YES;
				CODE_SIGN_STYLE = Automatic;
				DEVELOPMENT_TEAM = M7XW9D2D49;
				INFOPLIST_FILE = BasicSequencerUITests/Info.plist;
				LD_RUNPATH_SEARCH_PATHS = (
					"$(inherited)",
					"@executable_path/Frameworks",
					"@loader_path/Frameworks",
				);
				PRODUCT_BUNDLE_IDENTIFIER = com.crashingbooth.BasicSequencerUITests;
				PRODUCT_NAME = "$(TARGET_NAME)";
				SWIFT_VERSION = 4.0;
				TARGETED_DEVICE_FAMILY = "1,2";
				TEST_TARGET_NAME = BasicSequencer;
			};
			name = Debug;
		};
		1F6038D220EF041F00207E31 /* Release */ = {
			isa = XCBuildConfiguration;
			baseConfigurationReference = 5E810CA879B549312AAC90A3 /* Pods-BasicSequencerUITests.release.xcconfig */;
			buildSettings = {
				ALWAYS_EMBED_SWIFT_STANDARD_LIBRARIES = YES;
				CODE_SIGN_STYLE = Automatic;
				DEVELOPMENT_TEAM = M7XW9D2D49;
				INFOPLIST_FILE = BasicSequencerUITests/Info.plist;
				LD_RUNPATH_SEARCH_PATHS = (
					"$(inherited)",
					"@executable_path/Frameworks",
					"@loader_path/Frameworks",
				);
				PRODUCT_BUNDLE_IDENTIFIER = com.crashingbooth.BasicSequencerUITests;
				PRODUCT_NAME = "$(TARGET_NAME)";
				SWIFT_VERSION = 4.0;
				TARGETED_DEVICE_FAMILY = "1,2";
				TEST_TARGET_NAME = BasicSequencer;
			};
			name = Release;
		};
/* End XCBuildConfiguration section */

/* Begin XCConfigurationList section */
		1F60389A20EF041D00207E31 /* Build configuration list for PBXProject "BasicSequencer" */ = {
			isa = XCConfigurationList;
			buildConfigurations = (
				1F6038C820EF041F00207E31 /* Debug */,
				1F6038C920EF041F00207E31 /* Release */,
			);
			defaultConfigurationIsVisible = 0;
			defaultConfigurationName = Release;
		};
		1F6038CA20EF041F00207E31 /* Build configuration list for PBXNativeTarget "BasicSequencer" */ = {
			isa = XCConfigurationList;
			buildConfigurations = (
				1F6038CB20EF041F00207E31 /* Debug */,
				1F6038CC20EF041F00207E31 /* Release */,
			);
			defaultConfigurationIsVisible = 0;
			defaultConfigurationName = Release;
		};
		1F6038CD20EF041F00207E31 /* Build configuration list for PBXNativeTarget "BasicSequencerTests" */ = {
			isa = XCConfigurationList;
			buildConfigurations = (
				1F6038CE20EF041F00207E31 /* Debug */,
				1F6038CF20EF041F00207E31 /* Release */,
			);
			defaultConfigurationIsVisible = 0;
			defaultConfigurationName = Release;
		};
		1F6038D020EF041F00207E31 /* Build configuration list for PBXNativeTarget "BasicSequencerUITests" */ = {
			isa = XCConfigurationList;
			buildConfigurations = (
				1F6038D120EF041F00207E31 /* Debug */,
				1F6038D220EF041F00207E31 /* Release */,
			);
			defaultConfigurationIsVisible = 0;
			defaultConfigurationName = Release;
		};
/* End XCConfigurationList section */

/* Begin XCVersionGroup section */
		1F6038A920EF041D00207E31 /* BasicSequencer.xcdatamodeld */ = {
			isa = XCVersionGroup;
			children = (
				1F6038AA20EF041D00207E31 /* BasicSequencer.xcdatamodel */,
			);
			currentVersion = 1F6038AA20EF041D00207E31 /* BasicSequencer.xcdatamodel */;
			path = BasicSequencer.xcdatamodeld;
			sourceTree = "<group>";
			versionGroupType = wrapper.xcdatamodel;
		};
/* End XCVersionGroup section */
	};
	rootObject = 1F60389720EF041D00207E31 /* Project object */;
}
